# GENERATED FILE - DO NOT EDIT DIRECTLY
schema_version: 1

bundle:
  version: "0.1.0-dev"
  release_sequence: 0
  channel: "development"
  source_commit: "97e8bbaa3a0734b156b03bad704503bc46d7575b"
  digest: "sha256:fd66beb15c847e94b68a00083df5f218c22f4e1174d39d4bd10ed7fb321b13bc"

projection:
  input_digest: "sha256:c0c45a88a7fccf144937a6eacf980141f5f60c6e03743e0770aa08ddae689568"
  output_digest: "sha256:045478c4b118e5e4c93b57cede123d1aeded380a378412d4a0f8fdcaabaeb4ef"
  files:
    - path: ".claude/CLAUDE.md"
      digest: "sha256:9d4ba8bb3084813d957f7446b3e6661a64ccb0064f7f326648aa92fd2eba51e9"
    - path: ".gds/compiled-policy.json"
      digest: "sha256:36ecc68af9316303c9188a39f2ac9db0eec2b0db2c5140b916a72ee72a722045"
    - path: "AGENTS.md"
      digest: "sha256:e52d973f2ead860a5667ea4c88d5095b8cbad6575f72c33892478d8b5a32c4c7"
