# GENERATED FILE - DO NOT EDIT DIRECTLY
schema_version: 1

bundle:
  version: "0.1.0-dev"
  release_sequence: 0
  channel: "development"
  source_commit: "657577c5bb7a99217855834f9429f089afcb2082"
  digest: "sha256:ffdae1fe0904b20cf12a741df8b5cdb7c5ddd4e5997874c8a23e1ee9f5c75deb"

projection:
  input_digest: "sha256:d201cfb9ed930e00b564e47439bb7268acbcb42432195b7fd661fabd955fb4a0"
  output_digest: "sha256:9c58b3eacbf1ebed93696c59c8613977411582202a9a411d182b09eb6f7723c8"
  files:
    - path: ".claude/CLAUDE.md"
      digest: "sha256:7b50d15feae7b63b94d845b2fa6e19e3220527c5b0cac69303b7fc19bd7484a8"
    - path: ".gds/compiled-policy.json"
      digest: "sha256:87ebad8a873287b508f98f2ec9eefd1f4150e85ca7293a5dbbf75e8672bcf8e9"
    - path: "AGENTS.md"
      digest: "sha256:37a41633f771e7a95804071538e67836c47c36a142237a2fb8097297b34113d8"
